PODS:
  - Flutter (1.0.0)
  - flutter_secure_storage (6.0.0):
    - Flutter
  - health (13.2.1):
    - Flutter
  - onnxruntime-c (1.27.0)
  - synheart_auth (0.1.7):
    - Flutter
    - SynheartAuth
  - synheart_behavior (0.3.0):
    - Flutter
  - synheart_core (0.10.2):
    - Flutter
    - onnxruntime-c (>= 1.20.0)
  - synheart_session (0.2.0):
    - Flutter
  - synheart_wear (0.4.1):
    - Flutter
  - SynheartAuth (0.1.0)
  - syni (1.0.0):
    - Flutter

DEPENDENCIES:
  - Flutter (from `Flutter`)
  - flutter_secure_storage (from `.symlinks/plugins/flutter_secure_storage/ios`)
  - health (from `.symlinks/plugins/health/ios`)
  - synheart_auth (from `.symlinks/plugins/synheart_auth/ios`)
  - synheart_behavior (from `.symlinks/plugins/synheart_behavior/ios`)
  - synheart_core (from `.symlinks/plugins/synheart_core/ios`)
  - synheart_session (from `.symlinks/plugins/synheart_session/ios`)
  - synheart_wear (from `.symlinks/plugins/synheart_wear/ios`)
  - syni (from `.symlinks/plugins/syni/ios`)

SPEC REPOS:
  trunk:
    - onnxruntime-c
    - SynheartAuth

EXTERNAL SOURCES:
  Flutter:
    :path: Flutter
  flutter_secure_storage:
    :path: ".symlinks/plugins/flutter_secure_storage/ios"
  health:
    :path: ".symlinks/plugins/health/ios"
  synheart_auth:
    :path: ".symlinks/plugins/synheart_auth/ios"
  synheart_behavior:
    :path: ".symlinks/plugins/synheart_behavior/ios"
  synheart_core:
    :path: ".symlinks/plugins/synheart_core/ios"
  synheart_session:
    :path: ".symlinks/plugins/synheart_session/ios"
  synheart_wear:
    :path: ".symlinks/plugins/synheart_wear/ios"
  syni:
    :path: ".symlinks/plugins/syni/ios"

SPEC CHECKSUMS:
  Flutter: cabc95a1d2626b1b06e7179b784ebcf0c0cde467
  flutter_secure_storage: 1ed9476fba7e7a782b22888f956cce43e2c62f13
  health: e310387222e199d4b3261337490a67aaff6d18eb
  onnxruntime-c: 412ab51682e622e3d77ddc9176aa92517d171820
  synheart_auth: 2840313dedc10a15e093964c337bebe73666db12
  synheart_behavior: 7671be37999a5f2824ecb0abc3eb0963666077f2
  synheart_core: ee0e587235aa7626a8b72c7cd3325654e2ca0748
  synheart_session: 5dad2cb9aad3c2772d6fadc7aa3767bd97404983
  synheart_wear: 144b9f09a2e83f85c930d0580b89d0738ba34d30
  SynheartAuth: 1f281c095bd9753fd835ad1d7a2d9ec631e94a76
  syni: c832fd90763dd569c108d949dd9ef376d9e0d6bc

PODFILE CHECKSUM: 2a72549c1b2b25039fda55a62faf3d74c072ad39

COCOAPODS: 1.16.2
